
Microsoft Visual Studio Solution File, Format Version 12.00
# Visual Studio Version 16
VisualStudioVersion = 16.0.31321.278
MinimumVisualStudioVersion = 10.0.40219.1
Project("{FAE04EC0-301F-11D3-BF4B-00C04F79EFBC}") = "Properties_Houston_Morgan", "Properties_Houston_Morgan.csproj", "{5E29AE71-D353-43A4-8D79-F4E552507979}"
EndProject
Global
	GlobalSection(SolutionConfigurationPlatforms) = preSolution
		Debug|Any CPU = Debug|Any CPU
		Release|Any CPU = Release|Any CPU
	EndGlobalSection
	GlobalSection(ProjectConfigurationPlatforms) = postSolution
		{5E29AE71-D353-43A4-8D79-F4E552507979}.Debug|Any CPU.ActiveCfg = Debug|Any CPU
		{5E29AE71-D353-43A4-8D79-F4E552507979}.Debug|Any CPU.Build.0 = Debug|Any CPU
		{5E29AE71-D353-43A4-8D79-F4E552507979}.Release|Any CPU.ActiveCfg = Release|Any CPU
		{5E29AE71-D353-43A4-8D79-F4E552507979}.Release|Any CPU.Build.0 = Release|Any CPU
	EndGlobalSection
	GlobalSection(SolutionProperties) = preSolution
		HideSolutionNode = FALSE
	EndGlobalSection
	GlobalSection(ExtensibilityGlobals) = postSolution
		SolutionGuid = {045F7963-8C2E-41DA-A2D5-A52ED34FDA5B}
	EndGlobalSection
EndGlobal
